// !$*UTF8*$!
{
	archiveVersion = 1;
	classes = {
	};
	objectVersion = 50;
	objects = {

/* Begin PBXBuildFile section */
		2DDB6C5D20F3E27000316D64 /* AppDelegate.swift in Sources */ = {isa = PBXBuildFile; fileRef = 2DDB6C5C20F3E27000316D64 /* AppDelegate.swift */; };
		2DDB6C6220F3E27000316D64 /* Main.storyboard in Resources */ = {isa = PBXBuildFile; fileRef = 2DDB6C6020F3E27000316D64 /* Main.storyboard */; };
		2DDB6C6520F3E27000316D64 /* Documents_Core_Data.xcdatamodeld in Sources */ = {isa = PBXBuildFile; fileRef = 2DDB6C6320F3E27000316D64 /* Documents_Core_Data.xcdatamodeld */; };
		2DDB6C6720F3E27100316D64 /* Assets.xcassets in Resources */ = {isa = PBXBuildFile; fileRef = 2DDB6C6620F3E27100316D64 /* Assets.xcassets */; };
		2DDB6C6A20F3E27100316D64 /* LaunchScreen.storyboard in Resources */ = {isa = PBXBuildFile; fileRef = 2DDB6C6820F3E27100316D64 /* LaunchScreen.storyboard */; };
		2DDB6C7520F3E27100316D64 /* DocumentsCoreDataUITests.swift in Sources */ = {isa = PBXBuildFile; fileRef = 2DDB6C7420F3E27100316D64 /* DocumentsCoreDataUITests.swift */; };
		2DDB6C8020F3E88B00316D64 /* DocumentsViewController.swift in Sources */ = {isa = PBXBuildFile; fileRef = 2DDB6C7F20F3E88B00316D64 /* DocumentsViewController.swift */; };
		2DDB6C8220F3E96100316D64 /* DocumentTableViewCell.swift in Sources */ = {isa = PBXBuildFile; fileRef = 2DDB6C8120F3E96100316D64 /* DocumentTableViewCell.swift */; };
		2DDB6C8420F3ED6B00316D64 /* DocumentViewController.swift in Sources */ = {isa = PBXBuildFile; fileRef = 2DDB6C8320F3ED6B00316D64 /* DocumentViewController.swift */; };
		2DDB6C8B20F3F69100316D64 /* Document+CoreDataClass.swift in Sources */ = {isa = PBXBuildFile; fileRef = 2DDB6C8920F3F69100316D64 /* Document+CoreDataClass.swift */; };
		2DDB6C8C20F3F69100316D64 /* Document+CoreDataProperties.swift in Sources */ = {isa = PBXBuildFile; fileRef = 2DDB6C8A20F3F69100316D64 /* Document+CoreDataProperties.swift */; };
/* End PBXBuildFile section */

/* Begin PBXContainerItemProxy section */
		2DDB6C7120F3E27100316D64 /* PBXContainerItemProxy */ = {
			isa = PBXContainerItemProxy;
			containerPortal = 2DDB6C5120F3E26F00316D64 /* Project object */;
			proxyType = 1;
			remoteGlobalIDString = 2DDB6C5820F3E26F00316D64;
			remoteInfo = "Documents Core Data";
		};
/* End PBXContainerItemProxy section */

/* Begin PBXFileReference section */
		2DDB6C5920F3E26F00316D64 /* Documents Data Seach.app */ = {isa = PBXFileReference; explicitFileType = wrapper.application; includeInIndex = 0; path = "Documents Data Seach.app"; sourceTree = BUILT_PRODUCTS_DIR; };
		2DDB6C5C20F3E27000316D64 /* AppDelegate.swift */ = {isa = PBXFileReference; lastKnownFileType = sourcecode.swift; path = AppDelegate.swift; sourceTree = "<group>"; };
		2DDB6C6120F3E27000316D64 /* Base */ = {isa = PBXFileReference; lastKnownFileType = file.storyboard; name = Base; path = Base.lproj/Main.storyboard; sourceTree = "<group>"; };
		2DDB6C6420F3E27000316D64 /* Documents_Core_Data.xcdatamodel */ = {isa = PBXFileReference; lastKnownFileType = wrapper.xcdatamodel; path = Documents_Core_Data.xcdatamodel; sourceTree = "<group>"; };
		2DDB6C6620F3E27100316D64 /* Assets.xcassets */ = {isa = PBXFileReference; lastKnownFileType = folder.assetcatalog; path = Assets.xcassets; sourceTree = "<group>"; };
		2DDB6C6920F3E27100316D64 /* Base */ = {isa = PBXFileReference; lastKnownFileType = file.storyboard; name = Base; path = Base.lproj/LaunchScreen.storyboard; sourceTree = "<group>"; };
		2DDB6C6B20F3E27100316D64 /* Info.plist */ = {isa = PBXFileReference; lastKnownFileType = text.plist.xml; path = Info.plist; sourceTree = "<group>"; };
		2DDB6C7020F3E27100316D64 /* Documents Data SeachUITests.xctest */ = {isa = PBXFileReference; explicitFileType = wrapper.cfbundle; includeInIndex = 0; path = "Documents Data SeachUITests.xctest"; sourceTree = BUILT_PRODUCTS_DIR; };
		2DDB6C7420F3E27100316D64 /* DocumentsCoreDataUITests.swift */ = {isa = PBXFileReference; lastKnownFileType = sourcecode.swift; path = DocumentsCoreDataUITests.swift; sourceTree = "<group>"; };
		2DDB6C7620F3E27100316D64 /* Info.plist */ = {isa = PBXFileReference; lastKnownFileType = text.plist.xml; path = Info.plist; sourceTree = "<group>"; };
		2DDB6C7F20F3E88B00316D64 /* DocumentsViewController.swift */ = {isa = PBXFileReference; lastKnownFileType = sourcecode.swift; path = DocumentsViewController.swift; sourceTree = "<group>"; };
		2DDB6C8120F3E96100316D64 /* DocumentTableViewCell.swift */ = {isa = PBXFileReference; lastKnownFileType = sourcecode.swift; path = DocumentTableViewCell.swift; sourceTree = "<group>"; };
		2DDB6C8320F3ED6B00316D64 /* DocumentViewController.swift */ = {isa = PBXFileReference; lastKnownFileType = sourcecode.swift; path = DocumentViewController.swift; sourceTree = "<group>"; };
		2DDB6C8920F3F69100316D64 /* Document+CoreDataClass.swift */ = {isa = PBXFileReference; lastKnownFileType = sourcecode.swift; path = "Document+CoreDataClass.swift"; sourceTree = "<group>"; };
		2DDB6C8A20F3F69100316D64 /* Document+CoreDataProperties.swift */ = {isa = PBXFileReference; lastKnownFileType = sourcecode.swift; path = "Document+CoreDataProperties.swift"; sourceTree = "<group>"; };
/* End PBXFileReference section */

/* Begin PBXFrameworksBuildPhase section */
		2DDB6C5620F3E26F00316D64 /* Frameworks */ = {
			isa = PBXFrameworksBuildPhase;
			buildActionMask = 2147483647;
			files = (
			);
			runOnlyForDeploymentPostprocessing = 0;
		};
		2DDB6C6D20F3E27100316D64 /* Frameworks */ = {
			isa = PBXFrameworksBuildPhase;
			buildActionMask = 2147483647;
			files = (
			);
			runOnlyForDeploymentPostprocessing = 0;
		};
/* End PBXFrameworksBuildPhase section */

/* Begin PBXGroup section */
		2DDB6C5020F3E26F00316D64 = {
			isa = PBXGroup;
			children = (
				2DDB6C5B20F3E26F00316D64 /* Documents Data Search */,
				2DDB6C7320F3E27100316D64 /* Documents Core DataUITests */,
				2DDB6C5A20F3E26F00316D64 /* Products */,
			);
			sourceTree = "<group>";
		};
		2DDB6C5A20F3E26F00316D64 /* Products */ = {
			isa = PBXGroup;
			children = (
				2DDB6C5920F3E26F00316D64 /* Documents Data Seach.app */,
				2DDB6C7020F3E27100316D64 /* Documents Data SeachUITests.xctest */,
			);
			name = Products;
			sourceTree = "<group>";
		};
		2DDB6C5B20F3E26F00316D64 /* Documents Data Search */ = {
			isa = PBXGroup;
			children = (
				2DDB6C5C20F3E27000316D64 /* AppDelegate.swift */,
				2DDB6C6020F3E27000316D64 /* Main.storyboard */,
				2DDB6C7F20F3E88B00316D64 /* DocumentsViewController.swift */,
				2DDB6C8320F3ED6B00316D64 /* DocumentViewController.swift */,
				2DDB6C8120F3E96100316D64 /* DocumentTableViewCell.swift */,
				2DDB6C8D20F4073C00316D64 /* Model */,
				2DDB6C6620F3E27100316D64 /* Assets.xcassets */,
				2DDB6C6820F3E27100316D64 /* LaunchScreen.storyboard */,
				2DDB6C6B20F3E27100316D64 /* Info.plist */,
			);
			path = "Documents Data Search";
			sourceTree = "<group>";
		};
		2DDB6C7320F3E27100316D64 /* Documents Core DataUITests */ = {
			isa = PBXGroup;
			children = (
				2DDB6C7420F3E27100316D64 /* DocumentsCoreDataUITests.swift */,
				2DDB6C7620F3E27100316D64 /* Info.plist */,
			);
			path = "Documents Core DataUITests";
			sourceTree = "<group>";
		};
		2DDB6C8D20F4073C00316D64 /* Model */ = {
			isa = PBXGroup;
			children = (
				2DDB6C6320F3E27000316D64 /* Documents_Core_Data.xcdatamodeld */,
				2DDB6C8A20F3F69100316D64 /* Document+CoreDataProperties.swift */,
				2DDB6C8920F3F69100316D64 /* Document+CoreDataClass.swift */,
			);
			path = Model;
			sourceTree = "<group>";
		};
/* End PBXGroup section */

/* Begin PBXNativeTarget section */
		2DDB6C5820F3E26F00316D64 /* Documents Data Seach */ = {
			isa = PBXNativeTarget;
			buildConfigurationList = 2DDB6C7920F3E27100316D64 /* Build configuration list for PBXNativeTarget "Documents Data Seach" */;
			buildPhases = (
				2DDB6C5520F3E26F00316D64 /* Sources */,
				2DDB6C5620F3E26F00316D64 /* Frameworks */,
				2DDB6C5720F3E26F00316D64 /* Resources */,
			);
			buildRules = (
			);
			dependencies = (
			);
			name = "Documents Data Seach";
			productName = "Documents Core Data";
			productReference = 2DDB6C5920F3E26F00316D64 /* Documents Data Seach.app */;
			productType = "com.apple.product-type.application";
		};
		2DDB6C6F20F3E27100316D64 /* Documents Data SeachUITests */ = {
			isa = PBXNativeTarget;
			buildConfigurationList = 2DDB6C7C20F3E27100316D64 /* Build configuration list for PBXNativeTarget "Documents Data SeachUITests" */;
			buildPhases = (
				2DDB6C6C20F3E27100316D64 /* Sources */,
				2DDB6C6D20F3E27100316D64 /* Frameworks */,
				2DDB6C6E20F3E27100316D64 /* Resources */,
			);
			buildRules = (
			);
			dependencies = (
				2DDB6C7220F3E27100316D64 /* PBXTargetDependency */,
			);
			name = "Documents Data SeachUITests";
			productName = "Documents Core DataUITests";
			productReference = 2DDB6C7020F3E27100316D64 /* Documents Data SeachUITests.xctest */;
			productType = "com.apple.product-type.bundle.ui-testing";
		};
/* End PBXNativeTarget section */

/* Begin PBXProject section */
		2DDB6C5120F3E26F00316D64 /* Project object */ = {
			isa = PBXProject;
			attributes = {
				LastSwiftUpdateCheck = 0940;
				LastUpgradeCheck = 0940;
				ORGANIZATIONNAME = "Dale Musser";
				TargetAttributes = {
					2DDB6C5820F3E26F00316D64 = {
						CreatedOnToolsVersion = 9.4.1;
					};
					2DDB6C6F20F3E27100316D64 = {
						CreatedOnToolsVersion = 9.4.1;
						TestTargetID = 2DDB6C5820F3E26F00316D64;
					};
				};
			};
			buildConfigurationList = 2DDB6C5420F3E26F00316D64 /* Build configuration list for PBXProject "Documents Data Seach" */;
			compatibilityVersion = "Xcode 9.3";
			developmentRegion = en;
			hasScannedForEncodings = 0;
			knownRegions = (
				en,
				Base,
			);
			mainGroup = 2DDB6C5020F3E26F00316D64;
			productRefGroup = 2DDB6C5A20F3E26F00316D64 /* Products */;
			projectDirPath = "";
			projectRoot = "";
			targets = (
				2DDB6C5820F3E26F00316D64 /* Documents Data Seach */,
				2DDB6C6F20F3E27100316D64 /* Documents Data SeachUITests */,
			);
		};
/* End PBXProject section */

/* Begin PBXResourcesBuildPhase section */
		2DDB6C5720F3E26F00316D64 /* Resources */ = {
			isa = PBXResourcesBuildPhase;
			buildActionMask = 2147483647;
			files = (
				2DDB6C6A20F3E27100316D64 /* LaunchScreen.storyboard in Resources */,
				2DDB6C6720F3E27100316D64 /* Assets.xcassets in Resources */,
				2DDB6C6220F3E27000316D64 /* Main.storyboard in Resources */,
			);
			runOnlyForDeploymentPostprocessing = 0;
		};
		2DDB6C6E20F3E27100316D64 /* Resources */ = {
			isa = PBXResourcesBuildPhase;
			buildActionMask = 2147483647;
			files = (
			);
			runOnlyForDeploymentPostprocessing = 0;
		};
/* End PBXResourcesBuildPhase section */

/* Begin PBXSourcesBuildPhase section */
		2DDB6C5520F3E26F00316D64 /* Sources */ = {
			isa = PBXSourcesBuildPhase;
			buildActionMask = 2147483647;
			files = (
				2DDB6C8B20F3F69100316D64 /* Document+CoreDataClass.swift in Sources */,
				2DDB6C8420F3ED6B00316D64 /* DocumentViewController.swift in Sources */,
				2DDB6C8C20F3F69100316D64 /* Document+CoreDataProperties.swift in Sources */,
				2DDB6C8220F3E96100316D64 /* DocumentTableViewCell.swift in Sources */,
				2DDB6C8020F3E88B00316D64 /* DocumentsViewController.swift in Sources */,
				2DDB6C5D20F3E27000316D64 /* AppDelegate.swift in Sources */,
				2DDB6C6520F3E27000316D64 /* Documents_Core_Data.xcdatamodeld in Sources */,
			);
			runOnlyForDeploymentPostprocessing = 0;
		};
		2DDB6C6C20F3E27100316D64 /* Sources */ = {
			isa = PBXSourcesBuildPhase;
			buildActionMask = 2147483647;
			files = (
				2DDB6C7520F3E27100316D64 /* DocumentsCoreDataUITests.swift in Sources */,
			);
			runOnlyForDeploymentPostprocessing = 0;
		};
/* End PBXSourcesBuildPhase section */

/* Begin PBXTargetDependency section */
		2DDB6C7220F3E27100316D64 /* PBXTargetDependency */ = {
			isa = PBXTargetDependency;
			target = 2DDB6C5820F3E26F00316D64 /* Documents Data Seach */;
			targetProxy = 2DDB6C7120F3E27100316D64 /* PBXContainerItemProxy */;
		};
/* End PBXTargetDependency section */

/* Begin PBXVariantGroup section */
		2DDB6C6020F3E27000316D64 /* Main.storyboard */ = {
			isa = PBXVariantGroup;
			children = (
				2DDB6C6120F3E27000316D64 /* Base */,
			);
			name = Main.storyboard;
			sourceTree = "<group>";
		};
		2DDB6C6820F3E27100316D64 /* LaunchScreen.storyboard */ = {
			isa = PBXVariantGroup;
			children = (
				2DDB6C6920F3E27100316D64 /* Base */,
			);
			name = LaunchScreen.storyboard;
			sourceTree = "<group>";
		};
/* End PBXVariantGroup section */

/* Begin XCBuildConfiguration section */
		2DDB6C7720F3E27100316D64 /* Debug */ = {
			isa = XCBuildConfiguration;
			buildSettings = {
				ALWAYS_SEARCH_USER_PATHS = NO;
				CLANG_ANALYZER_NONNULL = YES;
				CLANG_ANALYZER_NUMBER_OBJECT_CONVERSION = YES_AGGRESSIVE;
				CLANG_CXX_LANGUAGE_STANDARD = "gnu++14";
				CLANG_CXX_LIBRARY = "libc++";
				CLANG_ENABLE_MODULES = YES;
				CLANG_ENABLE_OBJC_ARC = YES;
				CLANG_ENABLE_OBJC_WEAK = YES;
				CLANG_WARN_BLOCK_CAPTURE_AUTORELEASING = YES;
				CLANG_WARN_BOOL_CONVERSION = YES;
				CLANG_WARN_COMMA = YES;
				CLANG_WARN_CONSTANT_CONVERSION = YES;
				CLANG_WARN_DEPRECATED_OBJC_IMPLEMENTATIONS = YES;
				CLANG_WARN_DIRECT_OBJC_ISA_USAGE = YES_ERROR;
				CLANG_WARN_DOCUMENTATION_COMMENTS = YES;
				CLANG_WARN_EMPTY_BODY = YES;
				CLANG_WARN_ENUM_CONVERSION = YES;
				CLANG_WARN_INFINITE_RECURSION = YES;
				CLANG_WARN_INT_CONVERSION = YES;
				CLANG_WARN_NON_LITERAL_NULL_CONVERSION = YES;
				CLANG_WARN_OBJC_IMPLICIT_RETAIN_SELF = YES;
				CLANG_WARN_OBJC_LITERAL_CONVERSION = YES;
				CLANG_WARN_OBJC_ROOT_CLASS = YES_ERROR;
				CLANG_WARN_RANGE_LOOP_ANALYSIS = YES;
				CLANG_WARN_STRICT_PROTOTYPES = YES;
				CLANG_WARN_SUSPICIOUS_MOVE = YES;
				CLANG_WARN_UNGUARDED_AVAILABILITY = YES_AGGRESSIVE;
				CLANG_WARN_UNREACHABLE_CODE = YES;
				CLANG_WARN__DUPLICATE_METHOD_MATCH = YES;
				CODE_SIGN_IDENTITY = "iPhone Developer";
				COPY_PHASE_STRIP = NO;
				DEBUG_INFORMATION_FORMAT = dwarf;
				ENABLE_STRICT_OBJC_MSGSEND = YES;
				ENABLE_TESTABILITY = YES;
				GCC_C_LANGUAGE_STANDARD = gnu11;
				GCC_DYNAMIC_NO_PIC = NO;
				GCC_NO_COMMON_BLOCKS = YES;
				GCC_OPTIMIZATION_LEVEL = 0;
				GCC_PREPROCESSOR_DEFINITIONS = (
					"DEBUG=1",
					"$(inherited)",
				);
				GCC_WARN_64_TO_32_BIT_CONVERSION = YES;
				GCC_WARN_ABOUT_RETURN_TYPE = YES_ERROR;
				GCC_WARN_UNDECLARED_SELECTOR = YES;
				GCC_WARN_UNINITIALIZED_AUTOS = YES_AGGRESSIVE;
				GCC_WARN_UNUSED_FUNCTION = YES;
				GCC_WARN_UNUSED_VARIABLE = YES;
				IPHONEOS_DEPLOYMENT_TARGET = 11.4;
				MTL_ENABLE_DEBUG_INFO = YES;
				ONLY_ACTIVE_ARCH = YES;
				SDKROOT = iphoneos;
				SWIFT_ACTIVE_COMPILATION_CONDITIONS = DEBUG;
				SWIFT_OPTIMIZATION_LEVEL = "-Onone";
			};
			name = Debug;
		};
		2DDB6C7820F3E27100316D64 /* Release */ = {
			isa = XCBuildConfiguration;
			buildSettings = {
				ALWAYS_SEARCH_USER_PATHS = NO;
				CLANG_ANALYZER_NONNULL = YES;
				CLANG_ANALYZER_NUMBER_OBJECT_CONVERSION = YES_AGGRESSIVE;
				CLANG_CXX_LANGUAGE_STANDARD = "gnu++14";
				CLANG_CXX_LIBRARY = "libc++";
				CLANG_ENABLE_MODULES = YES;
				CLANG_ENABLE_OBJC_ARC = YES;
				CLANG_ENABLE_OBJC_WEAK = YES;
				CLANG_WARN_BLOCK_CAPTURE_AUTORELEASING = YES;
				CLANG_WARN_BOOL_CONVERSION = YES;
				CLANG_WARN_COMMA = YES;
				CLANG_WARN_CONSTANT_CONVERSION = YES;
				CLANG_WARN_DEPRECATED_OBJC_IMPLEMENTATIONS = YES;
				CLANG_WARN_DIRECT_OBJC_ISA_USAGE = YES_ERROR;
				CLANG_WARN_DOCUMENTATION_COMMENTS = YES;
				CLANG_WARN_EMPTY_BODY = YES;
				CLANG_WARN_ENUM_CONVERSION = YES;
				CLANG_WARN_INFINITE_RECURSION = YES;
				CLANG_WARN_INT_CONVERSION = YES;
				CLANG_WARN_NON_LITERAL_NULL_CONVERSION = YES;
				CLANG_WARN_OBJC_IMPLICIT_RETAIN_SELF = YES;
				CLANG_WARN_OBJC_LITERAL_CONVERSION = YES;
				CLANG_WARN_OBJC_ROOT_CLASS = YES_ERROR;
				CLANG_WARN_RANGE_LOOP_ANALYSIS = YES;
				CLANG_WARN_STRICT_PROTOTYPES = YES;
				CLANG_WARN_SUSPICIOUS_MOVE = YES;
				CLANG_WARN_UNGUARDED_AVAILABILITY = YES_AGGRESSIVE;
				CLANG_WARN_UNREACHABLE_CODE = YES;
				CLANG_WARN__DUPLICATE_METHOD_MATCH = YES;
				CODE_SIGN_IDENTITY = "iPhone Developer";
				COPY_PHASE_STRIP = NO;
				DEBUG_INFORMATION_FORMAT = "dwarf-with-dsym";
				ENABLE_NS_ASSERTIONS = NO;
				ENABLE_STRICT_OBJC_MSGSEND = YES;
				GCC_C_LANGUAGE_STANDARD = gnu11;
				GCC_NO_COMMON_BLOCKS = YES;
				GCC_WARN_64_TO_32_BIT_CONVERSION = YES;
				GCC_WARN_ABOUT_RETURN_TYPE = YES_ERROR;
				GCC_WARN_UNDECLARED_SELECTOR = YES;
				GCC_WARN_UNINITIALIZED_AUTOS = YES_AGGRESSIVE;
				GCC_WARN_UNUSED_FUNCTION = YES;
				GCC_WARN_UNUSED_VARIABLE = YES;
				IPHONEOS_DEPLOYMENT_TARGET = 11.4;
				MTL_ENABLE_DEBUG_INFO = NO;
				SDKROOT = iphoneos;
				SWIFT_COMPILATION_MODE = wholemodule;
				SWIFT_OPTIMIZATION_LEVEL = "-O";
				VALIDATE_PRODUCT = YES;
			};
			name = Release;
		};
		2DDB6C7A20F3E27100316D64 /* Debug */ = {
			isa = XCBuildConfiguration;
			buildSettings = {
				ASSETCATALOG_COMPILER_APPICON_NAME = AppIcon;
				CODE_SIGN_STYLE = Automatic;
				DEVELOPMENT_TEAM = 6U56AKE2R9;
				INFOPLIST_FILE = "$(SRCROOT)/Documents Data Search/Info.plist";
				IPHONEOS_DEPLOYMENT_TARGET = 11.2;
				LD_RUNPATH_SEARCH_PATHS = (
					"$(inherited)",
					"@executable_path/Frameworks",
				);
				PRODUCT_BUNDLE_IDENTIFIER = "online.techinnovator.Documents-Core-Data";
				PRODUCT_NAME = "$(TARGET_NAME)";
				SWIFT_VERSION = 4.0;
				TARGETED_DEVICE_FAMILY = "1,2";
			};
			name = Debug;
		};
		2DDB6C7B20F3E27100316D64 /* Release */ = {
			isa = XCBuildConfiguration;
			buildSettings = {
				ASSETCATALOG_COMPILER_APPICON_NAME = AppIcon;
				CODE_SIGN_STYLE = Automatic;
				DEVELOPMENT_TEAM = 6U56AKE2R9;
				INFOPLIST_FILE = "$(SRCROOT)/Documents Data Search/Info.plist";
				IPHONEOS_DEPLOYMENT_TARGET = 11.2;
				LD_RUNPATH_SEARCH_PATHS = (
					"$(inherited)",
					"@executable_path/Frameworks",
				);
				PRODUCT_BUNDLE_IDENTIFIER = "online.techinnovator.Documents-Core-Data";
				PRODUCT_NAME = "$(TARGET_NAME)";
				SWIFT_VERSION = 4.0;
				TARGETED_DEVICE_FAMILY = "1,2";
			};
			name = Release;
		};
		2DDB6C7D20F3E27100316D64 /* Debug */ = {
			isa = XCBuildConfiguration;
			buildSettings = {
				ALWAYS_EMBED_SWIFT_STANDARD_LIBRARIES = YES;
				CODE_SIGN_STYLE = Automatic;
				DEVELOPMENT_TEAM = YDM8336QES;
				INFOPLIST_FILE = "Documents Core DataUITests/Info.plist";
				LD_RUNPATH_SEARCH_PATHS = (
					"$(inherited)",
					"@executable_path/Frameworks",
					"@loader_path/Frameworks",
				);
				PRODUCT_BUNDLE_IDENTIFIER = "com.dalemusser.Documents-Core-DataUITests";
				PRODUCT_NAME = "$(TARGET_NAME)";
				SWIFT_VERSION = 4.0;
				TARGETED_DEVICE_FAMILY = "1,2";
				TEST_TARGET_NAME = "Documents Core Data";
			};
			name = Debug;
		};
		2DDB6C7E20F3E27100316D64 /* Release */ = {
			isa = XCBuildConfiguration;
			buildSettings = {
				ALWAYS_EMBED_SWIFT_STANDARD_LIBRARIES = YES;
				CODE_SIGN_STYLE = Automatic;
				DEVELOPMENT_TEAM = YDM8336QES;
				INFOPLIST_FILE = "Documents Core DataUITests/Info.plist";
				LD_RUNPATH_SEARCH_PATHS = (
					"$(inherited)",
					"@executable_path/Frameworks",
					"@loader_path/Frameworks",
				);
				PRODUCT_BUNDLE_IDENTIFIER = "com.dalemusser.Documents-Core-DataUITests";
				PRODUCT_NAME = "$(TARGET_NAME)";
				SWIFT_VERSION = 4.0;
				TARGETED_DEVICE_FAMILY = "1,2";
				TEST_TARGET_NAME = "Documents Core Data";
			};
			name = Release;
		};
/* End XCBuildConfiguration section */

/* Begin XCConfigurationList section */
		2DDB6C5420F3E26F00316D64 /* Build configuration list for PBXProject "Documents Data Seach" */ = {
			isa = XCConfigurationList;
			buildConfigurations = (
				2DDB6C7720F3E27100316D64 /* Debug */,
				2DDB6C7820F3E27100316D64 /* Release */,
			);
			defaultConfigurationIsVisible = 0;
			defaultConfigurationName = Release;
		};
		2DDB6C7920F3E27100316D64 /* Build configuration list for PBXNativeTarget "Documents Data Seach" */ = {
			isa = XCConfigurationList;
			buildConfigurations = (
				2DDB6C7A20F3E27100316D64 /* Debug */,
				2DDB6C7B20F3E27100316D64 /* Release */,
			);
			defaultConfigurationIsVisible = 0;
			defaultConfigurationName = Release;
		};
		2DDB6C7C20F3E27100316D64 /* Build configuration list for PBXNativeTarget "Documents Data SeachUITests" */ = {
			isa = XCConfigurationList;
			buildConfigurations = (
				2DDB6C7D20F3E27100316D64 /* Debug */,
				2DDB6C7E20F3E27100316D64 /* Release */,
			);
			defaultConfigurationIsVisible = 0;
			defaultConfigurationName = Release;
		};
/* End XCConfigurationList section */

/* Begin XCVersionGroup section */
		2DDB6C6320F3E27000316D64 /* Documents_Core_Data.xcdatamodeld */ = {
			isa = XCVersionGroup;
			children = (
				2DDB6C6420F3E27000316D64 /* Documents_Core_Data.xcdatamodel */,
			);
			currentVersion = 2DDB6C6420F3E27000316D64 /* Documents_Core_Data.xcdatamodel */;
			path = Documents_Core_Data.xcdatamodeld;
			sourceTree = "<group>";
			versionGroupType = wrapper.xcdatamodel;
		};
/* End XCVersionGroup section */
	};
	rootObject = 2DDB6C5120F3E26F00316D64 /* Project object */;
}
